
Microsoft Visual Studio Solution File, Format Version 10.00
# Visual C# Express 2008
Project("{FAE04EC0-301F-11D3-BF4B-00C04F79EFBC}") = "cmr05_hook", "cmr05_hook\cmr05_hook.csproj", "{0B0B2413-A890-403F-84B6-E466459E5963}"
EndProject
Global
	GlobalSection(SolutionConfigurationPlatforms) = preSolution
		Debug|Any CPU = Debug|Any CPU
		Release|Any CPU = Release|Any CPU
	EndGlobalSection
	GlobalSection(ProjectConfigurationPlatforms) = postSolution
		{0B0B2413-A890-403F-84B6-E466459E5963}.Debug|Any CPU.ActiveCfg = Debug|Any CPU
		{0B0B2413-A890-403F-84B6-E466459E5963}.Debug|Any CPU.Build.0 = Debug|Any CPU
		{0B0B2413-A890-403F-84B6-E466459E5963}.Release|Any CPU.ActiveCfg = Release|Any CPU
		{0B0B2413-A890-403F-84B6-E466459E5963}.Release|Any CPU.Build.0 = Release|Any CPU
	EndGlobalSection
	GlobalSection(SolutionProperties) = preSolution
		HideSolutionNode = FALSE
	EndGlobalSection
EndGlobal
